// !$*UTF8*$!
{
	archiveVersion = 1;
	classes = {
	};
	objectVersion = 56;
	objects = {

/* Begin PBXBuildFile section */
		BE1B90F929B22E55002F61F3 /* ColorExtensions.swift in Sources */ = {isa = PBXBuildFile; fileRef = BE1B90F829B22E55002F61F3 /* ColorExtensions.swift */; };
		BE51152929B38F820065CAE8 /* LoadingView.swift in Sources */ = {isa = PBXBuildFile; fileRef = BE51152829B38F820065CAE8 /* LoadingView.swift */; };
		BE51153129B3A9CE0065CAE8 /* SetupView.swift in Sources */ = {isa = PBXBuildFile; fileRef = BE51153029B3A9CE0065CAE8 /* SetupView.swift */; };
		BE56E92529B3BB6400A1D08E /* Glassfy in Frameworks */ = {isa = PBXBuildFile; productRef = BE56E92429B3BB6400A1D08E /* Glassfy */; };
		BE56E92729B3C0E100A1D08E /* TipView.swift in Sources */ = {isa = PBXBuildFile; fileRef = BE56E92629B3C0E100A1D08E /* TipView.swift */; };
		BE67A58729B0ECED00BBAD4B /* OpenAISwiftUIApp.swift in Sources */ = {isa = PBXBuildFile; fileRef = BE67A58629B0ECED00BBAD4B /* OpenAISwiftUIApp.swift */; };
		BE67A58929B0ECED00BBAD4B /* ChatView.swift in Sources */ = {isa = PBXBuildFile; fileRef = BE67A58829B0ECED00BBAD4B /* ChatView.swift */; };
		BE67A58B29B0ECEE00BBAD4B /* Assets.xcassets in Resources */ = {isa = PBXBuildFile; fileRef = BE67A58A29B0ECEE00BBAD4B /* Assets.xcassets */; };
		BE67A58F29B0ECEE00BBAD4B /* Preview Assets.xcassets in Resources */ = {isa = PBXBuildFile; fileRef = BE67A58E29B0ECEE00BBAD4B /* Preview Assets.xcassets */; };
		BE67A59A29B0ED2700BBAD4B /* ViewModel.swift in Sources */ = {isa = PBXBuildFile; fileRef = BE67A59829B0ED2700BBAD4B /* ViewModel.swift */; };
		BE67A59B29B0ED2700BBAD4B /* StringExtensions.swift in Sources */ = {isa = PBXBuildFile; fileRef = BE67A59929B0ED2700BBAD4B /* StringExtensions.swift */; };
		BE74560B29B1949100E09F7F /* VoicePicker.swift in Sources */ = {isa = PBXBuildFile; fileRef = BE74560A29B1949100E09F7F /* VoicePicker.swift */; };
		BEA9467629B0FAC6005F8F93 /* ChatGPTSwift in Frameworks */ = {isa = PBXBuildFile; productRef = BEA9467529B0FAC6005F8F93 /* ChatGPTSwift */; };
		BEB21FF029B45988006FAE96 /* ConfettiSwiftUI in Frameworks */ = {isa = PBXBuildFile; productRef = BEB21FEF29B45988006FAE96 /* ConfettiSwiftUI */; };
		BEB21FF429B4652E006FAE96 /* buymeacoffee.json in Resources */ = {isa = PBXBuildFile; fileRef = BEB21FF329B4652E006FAE96 /* buymeacoffee.json */; };
		BEB21FF729B465BC006FAE96 /* Lottie in Frameworks */ = {isa = PBXBuildFile; productRef = BEB21FF629B465BC006FAE96 /* Lottie */; };
		BEB21FFA29B465D7006FAE96 /* LottieUI in Frameworks */ = {isa = PBXBuildFile; productRef = BEB21FF929B465D7006FAE96 /* LottieUI */; };
		BEB21FFE29B465FD006FAE96 /* LottieFiles.swift in Sources */ = {isa = PBXBuildFile; fileRef = BEB21FFC29B465FD006FAE96 /* LottieFiles.swift */; };
		BEB2200129B482A6006FAE96 /* SpeechRecognizer.swift in Sources */ = {isa = PBXBuildFile; fileRef = BEB2200029B482A6006FAE96 /* SpeechRecognizer.swift */; };
		BEB2200629B49844006FAE96 /* Message.swift in Sources */ = {isa = PBXBuildFile; fileRef = BEB2200529B49844006FAE96 /* Message.swift */; };
/* End PBXBuildFile section */

/* Begin PBXFileReference section */
		BE1B90F829B22E55002F61F3 /* ColorExtensions.swift */ = {isa = PBXFileReference; fileEncoding = 4; lastKnownFileType = sourcecode.swift; path = ColorExtensions.swift; sourceTree = "<group>"; };
		BE51152829B38F820065CAE8 /* LoadingView.swift */ = {isa = PBXFileReference; lastKnownFileType = sourcecode.swift; path = LoadingView.swift; sourceTree = "<group>"; };
		BE51153029B3A9CE0065CAE8 /* SetupView.swift */ = {isa = PBXFileReference; lastKnownFileType = sourcecode.swift; path = SetupView.swift; sourceTree = "<group>"; };
		BE56E92629B3C0E100A1D08E /* TipView.swift */ = {isa = PBXFileReference; lastKnownFileType = sourcecode.swift; path = TipView.swift; sourceTree = "<group>"; };
		BE67A58329B0ECED00BBAD4B /* OpenAISwiftUI.app */ = {isa = PBXFileReference; explicitFileType = wrapper.application; includeInIndex = 0; path = OpenAISwiftUI.app; sourceTree = BUILT_PRODUCTS_DIR; };
		BE67A58629B0ECED00BBAD4B /* OpenAISwiftUIApp.swift */ = {isa = PBXFileReference; lastKnownFileType = sourcecode.swift; path = OpenAISwiftUIApp.swift; sourceTree = "<group>"; };
		BE67A58829B0ECED00BBAD4B /* ChatView.swift */ = {isa = PBXFileReference; lastKnownFileType = sourcecode.swift; path = ChatView.swift; sourceTree = "<group>"; };
		BE67A58A29B0ECEE00BBAD4B /* Assets.xcassets */ = {isa = PBXFileReference; lastKnownFileType = folder.assetcatalog; path = Assets.xcassets; sourceTree = "<group>"; };
		BE67A58C29B0ECEE00BBAD4B /* OpenAISwiftUI.entitlements */ = {isa = PBXFileReference; lastKnownFileType = text.plist.entitlements; path = OpenAISwiftUI.entitlements; sourceTree = "<group>"; };
		BE67A58E29B0ECEE00BBAD4B /* Preview Assets.xcassets */ = {isa = PBXFileReference; lastKnownFileType = folder.assetcatalog; path = "Preview Assets.xcassets"; sourceTree = "<group>"; };
		BE67A59829B0ED2700BBAD4B /* ViewModel.swift */ = {isa = PBXFileReference; fileEncoding = 4; lastKnownFileType = sourcecode.swift; path = ViewModel.swift; sourceTree = "<group>"; };
		BE67A59929B0ED2700BBAD4B /* StringExtensions.swift */ = {isa = PBXFileReference; fileEncoding = 4; lastKnownFileType = sourcecode.swift; path = StringExtensions.swift; sourceTree = "<group>"; };
		BE74560A29B1949100E09F7F /* VoicePicker.swift */ = {isa = PBXFileReference; lastKnownFileType = sourcecode.swift; path = VoicePicker.swift; sourceTree = "<group>"; };
		BEA9467929B113BD005F8F93 /* Info.plist */ = {isa = PBXFileReference; lastKnownFileType = text.plist; path = Info.plist; sourceTree = "<group>"; };
		BEB21FF329B4652E006FAE96 /* buymeacoffee.json */ = {isa = PBXFileReference; fileEncoding = 4; lastKnownFileType = text.json; path = buymeacoffee.json; sourceTree = "<group>"; };
		BEB21FFC29B465FD006FAE96 /* LottieFiles.swift */ = {isa = PBXFileReference; fileEncoding = 4; lastKnownFileType = sourcecode.swift; path = LottieFiles.swift; sourceTree = "<group>"; };
		BEB2200029B482A6006FAE96 /* SpeechRecognizer.swift */ = {isa = PBXFileReference; fileEncoding = 4; lastKnownFileType = sourcecode.swift; path = SpeechRecognizer.swift; sourceTree = "<group>"; };
		BEB2200529B49844006FAE96 /* Message.swift */ = {isa = PBXFileReference; lastKnownFileType = sourcecode.swift; path = Message.swift; sourceTree = "<group>"; };
/* End PBXFileReference section */

/* Begin PBXFrameworksBuildPhase section */
		BE67A58029B0ECED00BBAD4B /* Frameworks */ = {
			isa = PBXFrameworksBuildPhase;
			buildActionMask = 2147483647;
			files = (
				BE56E92529B3BB6400A1D08E /* Glassfy in Frameworks */,
				BEA9467629B0FAC6005F8F93 /* ChatGPTSwift in Frameworks */,
				BEB21FF029B45988006FAE96 /* ConfettiSwiftUI in Frameworks */,
				BEB21FFA29B465D7006FAE96 /* LottieUI in Frameworks */,
				BEB21FF729B465BC006FAE96 /* Lottie in Frameworks */,
			);
			runOnlyForDeploymentPostprocessing = 0;
		};
/* End PBXFrameworksBuildPhase section */

/* Begin PBXGroup section */
		BE56E92829B3D91500A1D08E /* Scene */ = {
			isa = PBXGroup;
			children = (
				BE51153029B3A9CE0065CAE8 /* SetupView.swift */,
				BE67A58829B0ECED00BBAD4B /* ChatView.swift */,
				BE67A59829B0ED2700BBAD4B /* ViewModel.swift */,
				BE56E92629B3C0E100A1D08E /* TipView.swift */,
			);
			path = Scene;
			sourceTree = "<group>";
		};
		BE56E92929B3D92400A1D08E /* View */ = {
			isa = PBXGroup;
			children = (
				BE74560A29B1949100E09F7F /* VoicePicker.swift */,
				BE51152829B38F820065CAE8 /* LoadingView.swift */,
			);
			path = View;
			sourceTree = "<group>";
		};
		BE56E92A29B3D92C00A1D08E /* Extension */ = {
			isa = PBXGroup;
			children = (
				BE67A59929B0ED2700BBAD4B /* StringExtensions.swift */,
				BE1B90F829B22E55002F61F3 /* ColorExtensions.swift */,
			);
			path = Extension;
			sourceTree = "<group>";
		};
		BE67A57A29B0ECED00BBAD4B = {
			isa = PBXGroup;
			children = (
				BE67A58529B0ECED00BBAD4B /* OpenAISwiftUI */,
				BE67A58429B0ECED00BBAD4B /* Products */,
			);
			indentWidth = 2;
			sourceTree = "<group>";
			tabWidth = 2;
		};
		BE67A58429B0ECED00BBAD4B /* Products */ = {
			isa = PBXGroup;
			children = (
				BE67A58329B0ECED00BBAD4B /* OpenAISwiftUI.app */,
			);
			name = Products;
			sourceTree = "<group>";
		};
		BE67A58529B0ECED00BBAD4B /* OpenAISwiftUI */ = {
			isa = PBXGroup;
			children = (
				BEA9467929B113BD005F8F93 /* Info.plist */,
				BE67A58629B0ECED00BBAD4B /* OpenAISwiftUIApp.swift */,
				BE56E92829B3D91500A1D08E /* Scene */,
				BE56E92929B3D92400A1D08E /* View */,
				BEB2200429B4865B006FAE96 /* Model */,
				BE56E92A29B3D92C00A1D08E /* Extension */,
				BEB21FFB29B465FD006FAE96 /* LottieFiles */,
				BE67A58A29B0ECEE00BBAD4B /* Assets.xcassets */,
				BE67A58C29B0ECEE00BBAD4B /* OpenAISwiftUI.entitlements */,
				BE67A58D29B0ECEE00BBAD4B /* Preview Content */,
			);
			path = OpenAISwiftUI;
			sourceTree = "<group>";
		};
		BE67A58D29B0ECEE00BBAD4B /* Preview Content */ = {
			isa = PBXGroup;
			children = (
				BE67A58E29B0ECEE00BBAD4B /* Preview Assets.xcassets */,
			);
			path = "Preview Content";
			sourceTree = "<group>";
		};
		BEB21FFB29B465FD006FAE96 /* LottieFiles */ = {
			isa = PBXGroup;
			children = (
				BEB21FFC29B465FD006FAE96 /* LottieFiles.swift */,
				BEB21FF329B4652E006FAE96 /* buymeacoffee.json */,
			);
			path = LottieFiles;
			sourceTree = "<group>";
		};
		BEB2200429B4865B006FAE96 /* Model */ = {
			isa = PBXGroup;
			children = (
				BEB2200029B482A6006FAE96 /* SpeechRecognizer.swift */,
				BEB2200529B49844006FAE96 /* Message.swift */,
			);
			path = Model;
			sourceTree = "<group>";
		};
/* End PBXGroup section */

/* Begin PBXNativeTarget section */
		BE67A58229B0ECED00BBAD4B /* OpenAISwiftUI */ = {
			isa = PBXNativeTarget;
			buildConfigurationList = BE67A59229B0ECEE00BBAD4B /* Build configuration list for PBXNativeTarget "OpenAISwiftUI" */;
			buildPhases = (
				BE67A57F29B0ECED00BBAD4B /* Sources */,
				BE67A58029B0ECED00BBAD4B /* Frameworks */,
				BE67A58129B0ECED00BBAD4B /* Resources */,
			);
			buildRules = (
			);
			dependencies = (
			);
			name = OpenAISwiftUI;
			packageProductDependencies = (
				BEA9467529B0FAC6005F8F93 /* ChatGPTSwift */,
				BE56E92429B3BB6400A1D08E /* Glassfy */,
				BEB21FEF29B45988006FAE96 /* ConfettiSwiftUI */,
				BEB21FF629B465BC006FAE96 /* Lottie */,
				BEB21FF929B465D7006FAE96 /* LottieUI */,
			);
			productName = OpenAISwiftUI;
			productReference = BE67A58329B0ECED00BBAD4B /* OpenAISwiftUI.app */;
			productType = "com.apple.product-type.application";
		};
/* End PBXNativeTarget section */

/* Begin PBXProject section */
		BE67A57B29B0ECED00BBAD4B /* Project object */ = {
			isa = PBXProject;
			attributes = {
				BuildIndependentTargetsInParallel = 1;
				LastSwiftUpdateCheck = 1420;
				LastUpgradeCheck = 1420;
				TargetAttributes = {
					BE67A58229B0ECED00BBAD4B = {
						CreatedOnToolsVersion = 14.2;
					};
				};
			};
			buildConfigurationList = BE67A57E29B0ECED00BBAD4B /* Build configuration list for PBXProject "OpenAISwiftUI" */;
			compatibilityVersion = "Xcode 14.0";
			developmentRegion = en;
			hasScannedForEncodings = 0;
			knownRegions = (
				en,
				Base,
			);
			mainGroup = BE67A57A29B0ECED00BBAD4B;
			packageReferences = (
				BEA9467429B0FAC6005F8F93 /* XCRemoteSwiftPackageReference "ChatGPTSwift" */,
				BE56E92329B3BB6400A1D08E /* XCRemoteSwiftPackageReference "ios-sdk" */,
				BEB21FEE29B45988006FAE96 /* XCRemoteSwiftPackageReference "ConfettiSwiftUI" */,
				BEB21FF529B465BC006FAE96 /* XCRemoteSwiftPackageReference "lottie-spm" */,
				BEB21FF829B465D7006FAE96 /* XCRemoteSwiftPackageReference "LottieUI" */,
			);
			productRefGroup = BE67A58429B0ECED00BBAD4B /* Products */;
			projectDirPath = "";
			projectRoot = "";
			targets = (
				BE67A58229B0ECED00BBAD4B /* OpenAISwiftUI */,
			);
		};
/* End PBXProject section */

/* Begin PBXResourcesBuildPhase section */
		BE67A58129B0ECED00BBAD4B /* Resources */ = {
			isa = PBXResourcesBuildPhase;
			buildActionMask = 2147483647;
			files = (
				BE67A58F29B0ECEE00BBAD4B /* Preview Assets.xcassets in Resources */,
				BE67A58B29B0ECEE00BBAD4B /* Assets.xcassets in Resources */,
				BEB21FF429B4652E006FAE96 /* buymeacoffee.json in Resources */,
			);
			runOnlyForDeploymentPostprocessing = 0;
		};
/* End PBXResourcesBuildPhase section */

/* Begin PBXSourcesBuildPhase section */
		BE67A57F29B0ECED00BBAD4B /* Sources */ = {
			isa = PBXSourcesBuildPhase;
			buildActionMask = 2147483647;
			files = (
				BE74560B29B1949100E09F7F /* VoicePicker.swift in Sources */,
				BE67A59B29B0ED2700BBAD4B /* StringExtensions.swift in Sources */,
				BEB2200129B482A6006FAE96 /* SpeechRecognizer.swift in Sources */,
				BE67A58929B0ECED00BBAD4B /* ChatView.swift in Sources */,
				BE67A59A29B0ED2700BBAD4B /* ViewModel.swift in Sources */,
				BEB21FFE29B465FD006FAE96 /* LottieFiles.swift in Sources */,
				BE67A58729B0ECED00BBAD4B /* OpenAISwiftUIApp.swift in Sources */,
				BE51152929B38F820065CAE8 /* LoadingView.swift in Sources */,
				BE51153129B3A9CE0065CAE8 /* SetupView.swift in Sources */,
				BEB2200629B49844006FAE96 /* Message.swift in Sources */,
				BE1B90F929B22E55002F61F3 /* ColorExtensions.swift in Sources */,
				BE56E92729B3C0E100A1D08E /* TipView.swift in Sources */,
			);
			runOnlyForDeploymentPostprocessing = 0;
		};
/* End PBXSourcesBuildPhase section */

/* Begin XCBuildConfiguration section */
		BE67A59029B0ECEE00BBAD4B /* Debug */ = {
			isa = XCBuildConfiguration;
			buildSettings = {
				ALWAYS_SEARCH_USER_PATHS = NO;
				CLANG_ANALYZER_NONNULL = YES;
				CLANG_ANALYZER_NUMBER_OBJECT_CONVERSION = YES_AGGRESSIVE;
				CLANG_CXX_LANGUAGE_STANDARD = "gnu++20";
				CLANG_ENABLE_MODULES = YES;
				CLANG_ENABLE_OBJC_ARC = YES;
				CLANG_ENABLE_OBJC_WEAK = YES;
				CLANG_WARN_BLOCK_CAPTURE_AUTORELEASING = YES;
				CLANG_WARN_BOOL_CONVERSION = YES;
				CLANG_WARN_COMMA = YES;
				CLANG_WARN_CONSTANT_CONVERSION = YES;
				CLANG_WARN_DEPRECATED_OBJC_IMPLEMENTATIONS = YES;
				CLANG_WARN_DIRECT_OBJC_ISA_USAGE = YES_ERROR;
				CLANG_WARN_DOCUMENTATION_COMMENTS = YES;
				CLANG_WARN_EMPTY_BODY = YES;
				CLANG_WARN_ENUM_CONVERSION = YES;
				CLANG_WARN_INFINITE_RECURSION = YES;
				CLANG_WARN_INT_CONVERSION = YES;
				CLANG_WARN_NON_LITERAL_NULL_CONVERSION = YES;
				CLANG_WARN_OBJC_IMPLICIT_RETAIN_SELF = YES;
				CLANG_WARN_OBJC_LITERAL_CONVERSION = YES;
				CLANG_WARN_OBJC_ROOT_CLASS = YES_ERROR;
				CLANG_WARN_QUOTED_INCLUDE_IN_FRAMEWORK_HEADER = YES;
				CLANG_WARN_RANGE_LOOP_ANALYSIS = YES;
				CLANG_WARN_STRICT_PROTOTYPES = YES;
				CLANG_WARN_SUSPICIOUS_MOVE = YES;
				CLANG_WARN_UNGUARDED_AVAILABILITY = YES_AGGRESSIVE;
				CLANG_WARN_UNREACHABLE_CODE = YES;
				CLANG_WARN__DUPLICATE_METHOD_MATCH = YES;
				COPY_PHASE_STRIP = NO;
				DEBUG_INFORMATION_FORMAT = dwarf;
				ENABLE_STRICT_OBJC_MSGSEND = YES;
				ENABLE_TESTABILITY = YES;
				GCC_C_LANGUAGE_STANDARD = gnu11;
				GCC_DYNAMIC_NO_PIC = NO;
				GCC_NO_COMMON_BLOCKS = YES;
				GCC_OPTIMIZATION_LEVEL = 0;
				GCC_PREPROCESSOR_DEFINITIONS = (
					"DEBUG=1",
					"$(inherited)",
				);
				GCC_WARN_64_TO_32_BIT_CONVERSION = YES;
				GCC_WARN_ABOUT_RETURN_TYPE = YES_ERROR;
				GCC_WARN_UNDECLARED_SELECTOR = YES;
				GCC_WARN_UNINITIALIZED_AUTOS = YES_AGGRESSIVE;
				GCC_WARN_UNUSED_FUNCTION = YES;
				GCC_WARN_UNUSED_VARIABLE = YES;
				MTL_ENABLE_DEBUG_INFO = INCLUDE_SOURCE;
				MTL_FAST_MATH = YES;
				ONLY_ACTIVE_ARCH = YES;
				SWIFT_ACTIVE_COMPILATION_CONDITIONS = DEBUG;
				SWIFT_OPTIMIZATION_LEVEL = "-Onone";
			};
			name = Debug;
		};
		BE67A59129B0ECEE00BBAD4B /* Release */ = {
			isa = XCBuildConfiguration;
			buildSettings = {
				ALWAYS_SEARCH_USER_PATHS = NO;
				CLANG_ANALYZER_NONNULL = YES;
				CLANG_ANALYZER_NUMBER_OBJECT_CONVERSION = YES_AGGRESSIVE;
				CLANG_CXX_LANGUAGE_STANDARD = "gnu++20";
				CLANG_ENABLE_MODULES = YES;
				CLANG_ENABLE_OBJC_ARC = YES;
				CLANG_ENABLE_OBJC_WEAK = YES;
				CLANG_WARN_BLOCK_CAPTURE_AUTORELEASING = YES;
				CLANG_WARN_BOOL_CONVERSION = YES;
				CLANG_WARN_COMMA = YES;
				CLANG_WARN_CONSTANT_CONVERSION = YES;
				CLANG_WARN_DEPRECATED_OBJC_IMPLEMENTATIONS = YES;
				CLANG_WARN_DIRECT_OBJC_ISA_USAGE = YES_ERROR;
				CLANG_WARN_DOCUMENTATION_COMMENTS = YES;
				CLANG_WARN_EMPTY_BODY = YES;
				CLANG_WARN_ENUM_CONVERSION = YES;
				CLANG_WARN_INFINITE_RECURSION = YES;
				CLANG_WARN_INT_CONVERSION = YES;
				CLANG_WARN_NON_LITERAL_NULL_CONVERSION = YES;
				CLANG_WARN_OBJC_IMPLICIT_RETAIN_SELF = YES;
				CLANG_WARN_OBJC_LITERAL_CONVERSION = YES;
				CLANG_WARN_OBJC_ROOT_CLASS = YES_ERROR;
				CLANG_WARN_QUOTED_INCLUDE_IN_FRAMEWORK_HEADER = YES;
				CLANG_WARN_RANGE_LOOP_ANALYSIS = YES;
				CLANG_WARN_STRICT_PROTOTYPES = YES;
				CLANG_WARN_SUSPICIOUS_MOVE = YES;
				CLANG_WARN_UNGUARDED_AVAILABILITY = YES_AGGRESSIVE;
				CLANG_WARN_UNREACHABLE_CODE = YES;
				CLANG_WARN__DUPLICATE_METHOD_MATCH = YES;
				COPY_PHASE_STRIP = NO;
				DEBUG_INFORMATION_FORMAT = "dwarf-with-dsym";
				ENABLE_NS_ASSERTIONS = NO;
				ENABLE_STRICT_OBJC_MSGSEND = YES;
				GCC_C_LANGUAGE_STANDARD = gnu11;
				GCC_NO_COMMON_BLOCKS = YES;
				GCC_WARN_64_TO_32_BIT_CONVERSION = YES;
				GCC_WARN_ABOUT_RETURN_TYPE = YES_ERROR;
				GCC_WARN_UNDECLARED_SELECTOR = YES;
				GCC_WARN_UNINITIALIZED_AUTOS = YES_AGGRESSIVE;
				GCC_WARN_UNUSED_FUNCTION = YES;
				GCC_WARN_UNUSED_VARIABLE = YES;
				MTL_ENABLE_DEBUG_INFO = NO;
				MTL_FAST_MATH = YES;
				SWIFT_COMPILATION_MODE = wholemodule;
				SWIFT_OPTIMIZATION_LEVEL = "-O";
			};
			name = Release;
		};
		BE67A59329B0ECEE00BBAD4B /* Debug */ = {
			isa = XCBuildConfiguration;
			buildSettings = {
				ASSETCATALOG_COMPILER_APPICON_NAME = AppIcon;
				ASSETCATALOG_COMPILER_GLOBAL_ACCENT_COLOR_NAME = AccentColor;
				CODE_SIGN_ENTITLEMENTS = OpenAISwiftUI/OpenAISwiftUI.entitlements;
				CODE_SIGN_STYLE = Automatic;
				CURRENT_PROJECT_VERSION = 1;
				DEVELOPMENT_ASSET_PATHS = "\"OpenAISwiftUI/Preview Content\"";
				DEVELOPMENT_TEAM = RLK76T8Y89;
				ENABLE_HARDENED_RUNTIME = YES;
				ENABLE_PREVIEWS = YES;
				GENERATE_INFOPLIST_FILE = YES;
				INFOPLIST_FILE = OpenAISwiftUI/Info.plist;
				INFOPLIST_KEY_CFBundleDisplayName = "VoiceAI Chat";
				INFOPLIST_KEY_LSApplicationCategoryType = "public.app-category.productivity";
				INFOPLIST_KEY_NSMicrophoneUsageDescription = "Audio is recorded to transcribe the voice. Audio recordings are discarded after transcription.";
				INFOPLIST_KEY_NSSpeechRecognitionUsageDescription = "You can view a text transcription in the app.";
				"INFOPLIST_KEY_UIApplicationSceneManifest_Generation[sdk=iphoneos*]" = YES;
				"INFOPLIST_KEY_UIApplicationSceneManifest_Generation[sdk=iphonesimulator*]" = YES;
				"INFOPLIST_KEY_UIApplicationSupportsIndirectInputEvents[sdk=iphoneos*]" = YES;
				"INFOPLIST_KEY_UIApplicationSupportsIndirectInputEvents[sdk=iphonesimulator*]" = YES;
				"INFOPLIST_KEY_UILaunchScreen_Generation[sdk=iphoneos*]" = YES;
				"INFOPLIST_KEY_UILaunchScreen_Generation[sdk=iphonesimulator*]" = YES;
				"INFOPLIST_KEY_UIStatusBarStyle[sdk=iphoneos*]" = UIStatusBarStyleDefault;
				"INFOPLIST_KEY_UIStatusBarStyle[sdk=iphonesimulator*]" = UIStatusBarStyleDefault;
				INFOPLIST_KEY_UISupportedInterfaceOrientations_iPad = "UIInterfaceOrientationPortrait UIInterfaceOrientationPortraitUpsideDown UIInterfaceOrientationLandscapeLeft UIInterfaceOrientationLandscapeRight";
				INFOPLIST_KEY_UISupportedInterfaceOrientations_iPhone = "UIInterfaceOrientationPortrait UIInterfaceOrientationLandscapeLeft UIInterfaceOrientationLandscapeRight";
				IPHONEOS_DEPLOYMENT_TARGET = 15.0;
				LD_RUNPATH_SEARCH_PATHS = "@executable_path/Frameworks";
				"LD_RUNPATH_SEARCH_PATHS[sdk=macosx*]" = "@executable_path/../Frameworks";
				MACOSX_DEPLOYMENT_TARGET = 12.0;
				MARKETING_VERSION = 1.0;
				PRODUCT_BUNDLE_IDENTIFIER = org.gewill.OpenAISwiftUI;
				PRODUCT_NAME = "$(TARGET_NAME)";
				SDKROOT = auto;
				SUPPORTED_PLATFORMS = "iphoneos iphonesimulator macosx";
				SWIFT_EMIT_LOC_STRINGS = YES;
				SWIFT_VERSION = 5.0;
				TARGETED_DEVICE_FAMILY = "1,2";
			};
			name = Debug;
		};
		BE67A59429B0ECEE00BBAD4B /* Release */ = {
			isa = XCBuildConfiguration;
			buildSettings = {
				ASSETCATALOG_COMPILER_APPICON_NAME = AppIcon;
				ASSETCATALOG_COMPILER_GLOBAL_ACCENT_COLOR_NAME = AccentColor;
				CODE_SIGN_ENTITLEMENTS = OpenAISwiftUI/OpenAISwiftUI.entitlements;
				CODE_SIGN_STYLE = Automatic;
				CURRENT_PROJECT_VERSION = 1;
				DEVELOPMENT_ASSET_PATHS = "\"OpenAISwiftUI/Preview Content\"";
				DEVELOPMENT_TEAM = RLK76T8Y89;
				ENABLE_HARDENED_RUNTIME = YES;
				ENABLE_PREVIEWS = YES;
				GENERATE_INFOPLIST_FILE = YES;
				INFOPLIST_FILE = OpenAISwiftUI/Info.plist;
				INFOPLIST_KEY_CFBundleDisplayName = "VoiceAI Chat";
				INFOPLIST_KEY_LSApplicationCategoryType = "public.app-category.productivity";
				INFOPLIST_KEY_NSMicrophoneUsageDescription = "Audio is recorded to transcribe the voice. Audio recordings are discarded after transcription.";
				INFOPLIST_KEY_NSSpeechRecognitionUsageDescription = "You can view a text transcription in the app.";
				"INFOPLIST_KEY_UIApplicationSceneManifest_Generation[sdk=iphoneos*]" = YES;
				"INFOPLIST_KEY_UIApplicationSceneManifest_Generation[sdk=iphonesimulator*]" = YES;
				"INFOPLIST_KEY_UIApplicationSupportsIndirectInputEvents[sdk=iphoneos*]" = YES;
				"INFOPLIST_KEY_UIApplicationSupportsIndirectInputEvents[sdk=iphonesimulator*]" = YES;
				"INFOPLIST_KEY_UILaunchScreen_Generation[sdk=iphoneos*]" = YES;
				"INFOPLIST_KEY_UILaunchScreen_Generation[sdk=iphonesimulator*]" = YES;
				"INFOPLIST_KEY_UIStatusBarStyle[sdk=iphoneos*]" = UIStatusBarStyleDefault;
				"INFOPLIST_KEY_UIStatusBarStyle[sdk=iphonesimulator*]" = UIStatusBarStyleDefault;
				INFOPLIST_KEY_UISupportedInterfaceOrientations_iPad = "UIInterfaceOrientationPortrait UIInterfaceOrientationPortraitUpsideDown UIInterfaceOrientationLandscapeLeft UIInterfaceOrientationLandscapeRight";
				INFOPLIST_KEY_UISupportedInterfaceOrientations_iPhone = "UIInterfaceOrientationPortrait UIInterfaceOrientationLandscapeLeft UIInterfaceOrientationLandscapeRight";
				IPHONEOS_DEPLOYMENT_TARGET = 15.0;
				LD_RUNPATH_SEARCH_PATHS = "@executable_path/Frameworks";
				"LD_RUNPATH_SEARCH_PATHS[sdk=macosx*]" = "@executable_path/../Frameworks";
				MACOSX_DEPLOYMENT_TARGET = 12.0;
				MARKETING_VERSION = 1.0;
				PRODUCT_BUNDLE_IDENTIFIER = org.gewill.OpenAISwiftUI;
				PRODUCT_NAME = "$(TARGET_NAME)";
				SDKROOT = auto;
				SUPPORTED_PLATFORMS = "iphoneos iphonesimulator macosx";
				SWIFT_EMIT_LOC_STRINGS = YES;
				SWIFT_VERSION = 5.0;
				TARGETED_DEVICE_FAMILY = "1,2";
			};
			name = Release;
		};
/* End XCBuildConfiguration section */

/* Begin XCConfigurationList section */
		BE67A57E29B0ECED00BBAD4B /* Build configuration list for PBXProject "OpenAISwiftUI" */ = {
			isa = XCConfigurationList;
			buildConfigurations = (
				BE67A59029B0ECEE00BBAD4B /* Debug */,
				BE67A59129B0ECEE00BBAD4B /* Release */,
			);
			defaultConfigurationIsVisible = 0;
			defaultConfigurationName = Release;
		};
		BE67A59229B0ECEE00BBAD4B /* Build configuration list for PBXNativeTarget "OpenAISwiftUI" */ = {
			isa = XCConfigurationList;
			buildConfigurations = (
				BE67A59329B0ECEE00BBAD4B /* Debug */,
				BE67A59429B0ECEE00BBAD4B /* Release */,
			);
			defaultConfigurationIsVisible = 0;
			defaultConfigurationName = Release;
		};
/* End XCConfigurationList section */

/* Begin XCRemoteSwiftPackageReference section */
		BE56E92329B3BB6400A1D08E /* XCRemoteSwiftPackageReference "ios-sdk" */ = {
			isa = XCRemoteSwiftPackageReference;
			repositoryURL = "https://github.com/glassfy/ios-sdk";
			requirement = {
				kind = upToNextMajorVersion;
				minimumVersion = 1.0.0;
			};
		};
		BEA9467429B0FAC6005F8F93 /* XCRemoteSwiftPackageReference "ChatGPTSwift" */ = {
			isa = XCRemoteSwiftPackageReference;
			repositoryURL = "https://github.com/alfianlosari/ChatGPTSwift";
			requirement = {
				kind = upToNextMajorVersion;
				minimumVersion = 1.0.0;
			};
		};
		BEB21FEE29B45988006FAE96 /* XCRemoteSwiftPackageReference "ConfettiSwiftUI" */ = {
			isa = XCRemoteSwiftPackageReference;
			repositoryURL = "https://github.com/simibac/ConfettiSwiftUI";
			requirement = {
				kind = upToNextMajorVersion;
				minimumVersion = 1.0.0;
			};
		};
		BEB21FF529B465BC006FAE96 /* XCRemoteSwiftPackageReference "lottie-spm" */ = {
			isa = XCRemoteSwiftPackageReference;
			repositoryURL = "https://github.com/airbnb/lottie-spm.git";
			requirement = {
				kind = upToNextMajorVersion;
				minimumVersion = 4.0.0;
			};
		};
		BEB21FF829B465D7006FAE96 /* XCRemoteSwiftPackageReference "LottieUI" */ = {
			isa = XCRemoteSwiftPackageReference;
			repositoryURL = "https://github.com/tfmart/LottieUI";
			requirement = {
				kind = upToNextMajorVersion;
				minimumVersion = 1.0.0;
			};
		};
/* End XCRemoteSwiftPackageReference section */

/* Begin XCSwiftPackageProductDependency section */
		BE56E92429B3BB6400A1D08E /* Glassfy */ = {
			isa = XCSwiftPackageProductDependency;
			package = BE56E92329B3BB6400A1D08E /* XCRemoteSwiftPackageReference "ios-sdk" */;
			productName = Glassfy;
		};
		BEA9467529B0FAC6005F8F93 /* ChatGPTSwift */ = {
			isa = XCSwiftPackageProductDependency;
			package = BEA9467429B0FAC6005F8F93 /* XCRemoteSwiftPackageReference "ChatGPTSwift" */;
			productName = ChatGPTSwift;
		};
		BEB21FEF29B45988006FAE96 /* ConfettiSwiftUI */ = {
			isa = XCSwiftPackageProductDependency;
			package = BEB21FEE29B45988006FAE96 /* XCRemoteSwiftPackageReference "ConfettiSwiftUI" */;
			productName = ConfettiSwiftUI;
		};
		BEB21FF629B465BC006FAE96 /* Lottie */ = {
			isa = XCSwiftPackageProductDependency;
			package = BEB21FF529B465BC006FAE96 /* XCRemoteSwiftPackageReference "lottie-spm" */;
			productName = Lottie;
		};
		BEB21FF929B465D7006FAE96 /* LottieUI */ = {
			isa = XCSwiftPackageProductDependency;
			package = BEB21FF829B465D7006FAE96 /* XCRemoteSwiftPackageReference "LottieUI" */;
			productName = LottieUI;
		};
/* End XCSwiftPackageProductDependency section */
	};
	rootObject = BE67A57B29B0ECED00BBAD4B /* Project object */;
}
