{
  "pins" : [
    {
      "identity" : "chatgptswift",
      "kind" : "remoteSourceControl",
      "location" : "https://github.com/alfianlosari/ChatGPTSwift",
      "state" : {
        "revision" : "f84d6235d5102fbdf152d25bb73500fff2f7091a",
        "version" : "1.0.0"
      }
    }
  ],
  "version" : 2
}
